
Microsoft Visual Studio Solution File, Format Version 12.00
# Visual Studio 15
VisualStudioVersion = 15.0.27703.2026
MinimumVisualStudioVersion = 10.0.40219.1
Project("{9A19103F-16F7-4668-BE54-9A1E7A4F7556}") = "Day2", "Day2\Day2.csproj", "{21F8AAF1-4087-4EFB-BCB8-F07B2CA93431}"
EndProject
Project("{FAE04EC0-301F-11D3-BF4B-00C04F79EFBC}") = "Day2.MSUnit.Tests", "Day2.MSUnit.Tests\Day2.MSUnit.Tests.csproj", "{2E57A847-82D5-445F-8F56-B8867DF63AE1}"
EndProject
Project("{FAE04EC0-301F-11D3-BF4B-00C04F79EFBC}") = "Day2.NUnit.Tests", "Day2.NUnit.Tests\Day2.NUnit.Tests.csproj", "{65BECBA3-0187-4314-A832-0B28D26F4F0B}"
EndProject
Global
	GlobalSection(SolutionConfigurationPlatforms) = preSolution
		Debug|Any CPU = Debug|Any CPU
		Release|Any CPU = Release|Any CPU
	EndGlobalSection
	GlobalSection(ProjectConfigurationPlatforms) = postSolution
		{21F8AAF1-4087-4EFB-BCB8-F07B2CA93431}.Debug|Any CPU.ActiveCfg = Debug|Any CPU
		{21F8AAF1-4087-4EFB-BCB8-F07B2CA93431}.Debug|Any CPU.Build.0 = Debug|Any CPU
		{21F8AAF1-4087-4EFB-BCB8-F07B2CA93431}.Release|Any CPU.ActiveCfg = Release|Any CPU
		{21F8AAF1-4087-4EFB-BCB8-F07B2CA93431}.Release|Any CPU.Build.0 = Release|Any CPU
		{2E57A847-82D5-445F-8F56-B8867DF63AE1}.Debug|Any CPU.ActiveCfg = Debug|Any CPU
		{2E57A847-82D5-445F-8F56-B8867DF63AE1}.Debug|Any CPU.Build.0 = Debug|Any CPU
		{2E57A847-82D5-445F-8F56-B8867DF63AE1}.Release|Any CPU.ActiveCfg = Release|Any CPU
		{2E57A847-82D5-445F-8F56-B8867DF63AE1}.Release|Any CPU.Build.0 = Release|Any CPU
		{65BECBA3-0187-4314-A832-0B28D26F4F0B}.Debug|Any CPU.ActiveCfg = Debug|Any CPU
		{65BECBA3-0187-4314-A832-0B28D26F4F0B}.Debug|Any CPU.Build.0 = Debug|Any CPU
		{65BECBA3-0187-4314-A832-0B28D26F4F0B}.Release|Any CPU.ActiveCfg = Release|Any CPU
		{65BECBA3-0187-4314-A832-0B28D26F4F0B}.Release|Any CPU.Build.0 = Release|Any CPU
	EndGlobalSection
	GlobalSection(SolutionProperties) = preSolution
		HideSolutionNode = FALSE
	EndGlobalSection
	GlobalSection(ExtensibilityGlobals) = postSolution
		SolutionGuid = {4EF77F12-3321-4CAD-848A-09C5BEF03ABB}
	EndGlobalSection
EndGlobal
